// !$*UTF8*$!
{
	archiveVersion = 1;
	classes = {
	};
	objectVersion = 48;
	objects = {

/* Begin PBXBuildFile section */
		317F609C2FF5D4A26689114C /* Pods_coderroom.framework in Frameworks */ = {isa = PBXBuildFile; fileRef = 93D2F61543D5A4FCAAD98487 /* Pods_coderroom.framework */; };
		3E3DC7D01FEDFC1900E2A199 /* CreateGroupVC.swift in Sources */ = {isa = PBXBuildFile; fileRef = 3E3DC7CF1FEDFC1900E2A199 /* CreateGroupVC.swift */; };
		3EF1BD3A1FE0C71400946C34 /* AppDelegate.swift in Sources */ = {isa = PBXBuildFile; fileRef = 3EF1BD391FE0C71400946C34 /* AppDelegate.swift */; };
		3EF1BD3C1FE0C71400946C34 /* FeedVC.swift in Sources */ = {isa = PBXBuildFile; fileRef = 3EF1BD3B1FE0C71400946C34 /* FeedVC.swift */; };
		3EF1BD3E1FE0C71400946C34 /* GroupsVC.swift in Sources */ = {isa = PBXBuildFile; fileRef = 3EF1BD3D1FE0C71400946C34 /* GroupsVC.swift */; };
		3EF1BD411FE0C71400946C34 /* Main.storyboard in Resources */ = {isa = PBXBuildFile; fileRef = 3EF1BD3F1FE0C71400946C34 /* Main.storyboard */; };
		3EF1BD431FE0C71400946C34 /* Assets.xcassets in Resources */ = {isa = PBXBuildFile; fileRef = 3EF1BD421FE0C71400946C34 /* Assets.xcassets */; };
		3EF1BD461FE0C71400946C34 /* LaunchScreen.storyboard in Resources */ = {isa = PBXBuildFile; fileRef = 3EF1BD441FE0C71400946C34 /* LaunchScreen.storyboard */; };
		3EF1BD531FE20EE900946C34 /* GoogleService-Info.plist in Resources */ = {isa = PBXBuildFile; fileRef = 3EF1BD521FE20EE900946C34 /* GoogleService-Info.plist */; };
		3EF1BD551FE212B300946C34 /* DataService.swift in Sources */ = {isa = PBXBuildFile; fileRef = 3EF1BD541FE212B300946C34 /* DataService.swift */; };
		3EF1BD571FE3545800946C34 /* AuthVC.swift in Sources */ = {isa = PBXBuildFile; fileRef = 3EF1BD561FE3545800946C34 /* AuthVC.swift */; };
		3EF1BD591FE3549300946C34 /* LoginVC.swift in Sources */ = {isa = PBXBuildFile; fileRef = 3EF1BD581FE3549300946C34 /* LoginVC.swift */; };
		3EF1BD5B1FE3550700946C34 /* InsetTextField.swift in Sources */ = {isa = PBXBuildFile; fileRef = 3EF1BD5A1FE3550700946C34 /* InsetTextField.swift */; };
		3EF1BD5D1FE361B200946C34 /* ShadowVIew.swift in Sources */ = {isa = PBXBuildFile; fileRef = 3EF1BD5C1FE361B200946C34 /* ShadowVIew.swift */; };
		3EF1BD5F1FE364F500946C34 /* AuthService.swift in Sources */ = {isa = PBXBuildFile; fileRef = 3EF1BD5E1FE364F500946C34 /* AuthService.swift */; };
		3EF1BD611FE4B59C00946C34 /* MeVC.swift in Sources */ = {isa = PBXBuildFile; fileRef = 3EF1BD601FE4B59C00946C34 /* MeVC.swift */; };
		3EF1BD631FE6A32600946C34 /* CreatePostVC.swift in Sources */ = {isa = PBXBuildFile; fileRef = 3EF1BD621FE6A32600946C34 /* CreatePostVC.swift */; };
		3EF1BD651FE89EAD00946C34 /* UIViewExt.swift in Sources */ = {isa = PBXBuildFile; fileRef = 3EF1BD641FE89EAD00946C34 /* UIViewExt.swift */; };
		3EF1BD671FE8A93C00946C34 /* FeedCell.swift in Sources */ = {isa = PBXBuildFile; fileRef = 3EF1BD661FE8A93C00946C34 /* FeedCell.swift */; };
		3EF1BD691FE8AC7900946C34 /* Message.swift in Sources */ = {isa = PBXBuildFile; fileRef = 3EF1BD681FE8AC7900946C34 /* Message.swift */; };
/* End PBXBuildFile section */

/* Begin PBXFileReference section */
		2B18A0E8A40092FC58852DF3 /* Pods-coderroom.debug.xcconfig */ = {isa = PBXFileReference; includeInIndex = 1; lastKnownFileType = text.xcconfig; name = "Pods-coderroom.debug.xcconfig"; path = "Pods/Target Support Files/Pods-coderroom/Pods-coderroom.debug.xcconfig"; sourceTree = "<group>"; };
		3E3DC7CF1FEDFC1900E2A199 /* CreateGroupVC.swift */ = {isa = PBXFileReference; lastKnownFileType = sourcecode.swift; path = CreateGroupVC.swift; sourceTree = "<group>"; };
		3EF1BD361FE0C71400946C34 /* coderroom.app */ = {isa = PBXFileReference; explicitFileType = wrapper.application; includeInIndex = 0; path = coderroom.app; sourceTree = BUILT_PRODUCTS_DIR; };
		3EF1BD391FE0C71400946C34 /* AppDelegate.swift */ = {isa = PBXFileReference; lastKnownFileType = sourcecode.swift; path = AppDelegate.swift; sourceTree = "<group>"; };
		3EF1BD3B1FE0C71400946C34 /* FeedVC.swift */ = {isa = PBXFileReference; lastKnownFileType = sourcecode.swift; path = FeedVC.swift; sourceTree = "<group>"; };
		3EF1BD3D1FE0C71400946C34 /* GroupsVC.swift */ = {isa = PBXFileReference; lastKnownFileType = sourcecode.swift; path = GroupsVC.swift; sourceTree = "<group>"; };
		3EF1BD401FE0C71400946C34 /* Base */ = {isa = PBXFileReference; lastKnownFileType = file.storyboard; name = Base; path = Base.lproj/Main.storyboard; sourceTree = "<group>"; };
		3EF1BD421FE0C71400946C34 /* Assets.xcassets */ = {isa = PBXFileReference; lastKnownFileType = folder.assetcatalog; path = Assets.xcassets; sourceTree = "<group>"; };
		3EF1BD451FE0C71400946C34 /* Base */ = {isa = PBXFileReference; lastKnownFileType = file.storyboard; name = Base; path = Base.lproj/LaunchScreen.storyboard; sourceTree = "<group>"; };
		3EF1BD471FE0C71400946C34 /* Info.plist */ = {isa = PBXFileReference; lastKnownFileType = text.plist.xml; path = Info.plist; sourceTree = "<group>"; };
		3EF1BD521FE20EE900946C34 /* GoogleService-Info.plist */ = {isa = PBXFileReference; fileEncoding = 4; lastKnownFileType = text.plist.xml; path = "GoogleService-Info.plist"; sourceTree = "<group>"; };
		3EF1BD541FE212B300946C34 /* DataService.swift */ = {isa = PBXFileReference; lastKnownFileType = sourcecode.swift; path = DataService.swift; sourceTree = "<group>"; };
		3EF1BD561FE3545800946C34 /* AuthVC.swift */ = {isa = PBXFileReference; lastKnownFileType = sourcecode.swift; path = AuthVC.swift; sourceTree = "<group>"; };
		3EF1BD581FE3549300946C34 /* LoginVC.swift */ = {isa = PBXFileReference; lastKnownFileType = sourcecode.swift; path = LoginVC.swift; sourceTree = "<group>"; };
		3EF1BD5A1FE3550700946C34 /* InsetTextField.swift */ = {isa = PBXFileReference; lastKnownFileType = sourcecode.swift; path = InsetTextField.swift; sourceTree = "<group>"; };
		3EF1BD5C1FE361B200946C34 /* ShadowVIew.swift */ = {isa = PBXFileReference; lastKnownFileType = sourcecode.swift; path = ShadowVIew.swift; sourceTree = "<group>"; };
		3EF1BD5E1FE364F500946C34 /* AuthService.swift */ = {isa = PBXFileReference; lastKnownFileType = sourcecode.swift; path = AuthService.swift; sourceTree = "<group>"; };
		3EF1BD601FE4B59C00946C34 /* MeVC.swift */ = {isa = PBXFileReference; lastKnownFileType = sourcecode.swift; path = MeVC.swift; sourceTree = "<group>"; };
		3EF1BD621FE6A32600946C34 /* CreatePostVC.swift */ = {isa = PBXFileReference; lastKnownFileType = sourcecode.swift; path = CreatePostVC.swift; sourceTree = "<group>"; };
		3EF1BD641FE89EAD00946C34 /* UIViewExt.swift */ = {isa = PBXFileReference; lastKnownFileType = sourcecode.swift; path = UIViewExt.swift; sourceTree = "<group>"; };
		3EF1BD661FE8A93C00946C34 /* FeedCell.swift */ = {isa = PBXFileReference; lastKnownFileType = sourcecode.swift; path = FeedCell.swift; sourceTree = "<group>"; };
		3EF1BD681FE8AC7900946C34 /* Message.swift */ = {isa = PBXFileReference; lastKnownFileType = sourcecode.swift; path = Message.swift; sourceTree = "<group>"; };
		93D2F61543D5A4FCAAD98487 /* Pods_coderroom.framework */ = {isa = PBXFileReference; explicitFileType = wrapper.framework; includeInIndex = 0; path = Pods_coderroom.framework; sourceTree = BUILT_PRODUCTS_DIR; };
		FEC7DCE15A2939B9A5928932 /* Pods-coderroom.release.xcconfig */ = {isa = PBXFileReference; includeInIndex = 1; lastKnownFileType = text.xcconfig; name = "Pods-coderroom.release.xcconfig"; path = "Pods/Target Support Files/Pods-coderroom/Pods-coderroom.release.xcconfig"; sourceTree = "<group>"; };
/* End PBXFileReference section */

/* Begin PBXFrameworksBuildPhase section */
		3EF1BD331FE0C71400946C34 /* Frameworks */ = {
			isa = PBXFrameworksBuildPhase;
			buildActionMask = 2147483647;
			files = (
				317F609C2FF5D4A26689114C /* Pods_coderroom.framework in Frameworks */,
			);
			runOnlyForDeploymentPostprocessing = 0;
		};
/* End PBXFrameworksBuildPhase section */

/* Begin PBXGroup section */
		3EF1BD2D1FE0C71300946C34 = {
			isa = PBXGroup;
			children = (
				3EF1BD381FE0C71400946C34 /* coderroom */,
				3EF1BD371FE0C71400946C34 /* Products */,
				5C8F752002CA873EA23BF85A /* Pods */,
				5D148C853902E9D6BF7B5E02 /* Frameworks */,
			);
			sourceTree = "<group>";
		};
		3EF1BD371FE0C71400946C34 /* Products */ = {
			isa = PBXGroup;
			children = (
				3EF1BD361FE0C71400946C34 /* coderroom.app */,
			);
			name = Products;
			sourceTree = "<group>";
		};
		3EF1BD381FE0C71400946C34 /* coderroom */ = {
			isa = PBXGroup;
			children = (
				3EF1BD511FE0C7B700946C34 /* Services */,
				3EF1BD501FE0C78E00946C34 /* Extensions */,
				3EF1BD4F1FE0C77B00946C34 /* Model */,
				3EF1BD4E1FE0C77200946C34 /* View */,
				3EF1BD4D1FE0C75C00946C34 /* Controller */,
				3EF1BD391FE0C71400946C34 /* AppDelegate.swift */,
				3EF1BD521FE20EE900946C34 /* GoogleService-Info.plist */,
				3EF1BD3F1FE0C71400946C34 /* Main.storyboard */,
				3EF1BD421FE0C71400946C34 /* Assets.xcassets */,
				3EF1BD441FE0C71400946C34 /* LaunchScreen.storyboard */,
				3EF1BD471FE0C71400946C34 /* Info.plist */,
			);
			path = coderroom;
			sourceTree = "<group>";
		};
		3EF1BD4D1FE0C75C00946C34 /* Controller */ = {
			isa = PBXGroup;
			children = (
				3EF1BD3B1FE0C71400946C34 /* FeedVC.swift */,
				3EF1BD3D1FE0C71400946C34 /* GroupsVC.swift */,
				3EF1BD561FE3545800946C34 /* AuthVC.swift */,
				3EF1BD581FE3549300946C34 /* LoginVC.swift */,
				3EF1BD601FE4B59C00946C34 /* MeVC.swift */,
				3EF1BD621FE6A32600946C34 /* CreatePostVC.swift */,
				3E3DC7CF1FEDFC1900E2A199 /* CreateGroupVC.swift */,
			);
			path = Controller;
			sourceTree = "<group>";
		};
		3EF1BD4E1FE0C77200946C34 /* View */ = {
			isa = PBXGroup;
			children = (
				3EF1BD5A1FE3550700946C34 /* InsetTextField.swift */,
				3EF1BD5C1FE361B200946C34 /* ShadowVIew.swift */,
				3EF1BD661FE8A93C00946C34 /* FeedCell.swift */,
			);
			path = View;
			sourceTree = "<group>";
		};
		3EF1BD4F1FE0C77B00946C34 /* Model */ = {
			isa = PBXGroup;
			children = (
				3EF1BD681FE8AC7900946C34 /* Message.swift */,
			);
			path = Model;
			sourceTree = "<group>";
		};
		3EF1BD501FE0C78E00946C34 /* Extensions */ = {
			isa = PBXGroup;
			children = (
				3EF1BD641FE89EAD00946C34 /* UIViewExt.swift */,
			);
			path = Extensions;
			sourceTree = "<group>";
		};
		3EF1BD511FE0C7B700946C34 /* Services */ = {
			isa = PBXGroup;
			children = (
				3EF1BD541FE212B300946C34 /* DataService.swift */,
				3EF1BD5E1FE364F500946C34 /* AuthService.swift */,
			);
			path = Services;
			sourceTree = "<group>";
		};
		5C8F752002CA873EA23BF85A /* Pods */ = {
			isa = PBXGroup;
			children = (
				2B18A0E8A40092FC58852DF3 /* Pods-coderroom.debug.xcconfig */,
				FEC7DCE15A2939B9A5928932 /* Pods-coderroom.release.xcconfig */,
			);
			name = Pods;
			sourceTree = "<group>";
		};
		5D148C853902E9D6BF7B5E02 /* Frameworks */ = {
			isa = PBXGroup;
			children = (
				93D2F61543D5A4FCAAD98487 /* Pods_coderroom.framework */,
			);
			name = Frameworks;
			sourceTree = "<group>";
		};
/* End PBXGroup section */

/* Begin PBXNativeTarget section */
		3EF1BD351FE0C71400946C34 /* coderroom */ = {
			isa = PBXNativeTarget;
			buildConfigurationList = 3EF1BD4A1FE0C71400946C34 /* Build configuration list for PBXNativeTarget "coderroom" */;
			buildPhases = (
				648E97436F1C106237F6AB9F /* [CP] Check Pods Manifest.lock */,
				3EF1BD321FE0C71400946C34 /* Sources */,
				3EF1BD331FE0C71400946C34 /* Frameworks */,
				3EF1BD341FE0C71400946C34 /* Resources */,
				75D72177B37CAC5D045C2AB1 /* [CP] Embed Pods Frameworks */,
				DCD004AE32463B2BA059CF43 /* [CP] Copy Pods Resources */,
			);
			buildRules = (
			);
			dependencies = (
			);
			name = coderroom;
			productName = coderroom;
			productReference = 3EF1BD361FE0C71400946C34 /* coderroom.app */;
			productType = "com.apple.product-type.application";
		};
/* End PBXNativeTarget section */

/* Begin PBXProject section */
		3EF1BD2E1FE0C71300946C34 /* Project object */ = {
			isa = PBXProject;
			attributes = {
				LastSwiftUpdateCheck = 0920;
				LastUpgradeCheck = 0920;
				ORGANIZATIONNAME = "adolfo reyes";
				TargetAttributes = {
					3EF1BD351FE0C71400946C34 = {
						CreatedOnToolsVersion = 9.2;
						ProvisioningStyle = Automatic;
					};
				};
			};
			buildConfigurationList = 3EF1BD311FE0C71300946C34 /* Build configuration list for PBXProject "coderroom" */;
			compatibilityVersion = "Xcode 8.0";
			developmentRegion = en;
			hasScannedForEncodings = 0;
			knownRegions = (
				en,
				Base,
			);
			mainGroup = 3EF1BD2D1FE0C71300946C34;
			productRefGroup = 3EF1BD371FE0C71400946C34 /* Products */;
			projectDirPath = "";
			projectRoot = "";
			targets = (
				3EF1BD351FE0C71400946C34 /* coderroom */,
			);
		};
/* End PBXProject section */

/* Begin PBXResourcesBuildPhase section */
		3EF1BD341FE0C71400946C34 /* Resources */ = {
			isa = PBXResourcesBuildPhase;
			buildActionMask = 2147483647;
			files = (
				3EF1BD461FE0C71400946C34 /* LaunchScreen.storyboard in Resources */,
				3EF1BD531FE20EE900946C34 /* GoogleService-Info.plist in Resources */,
				3EF1BD431FE0C71400946C34 /* Assets.xcassets in Resources */,
				3EF1BD411FE0C71400946C34 /* Main.storyboard in Resources */,
			);
			runOnlyForDeploymentPostprocessing = 0;
		};
/* End PBXResourcesBuildPhase section */

/* Begin PBXShellScriptBuildPhase section */
		648E97436F1C106237F6AB9F /* [CP] Check Pods Manifest.lock */ = {
			isa = PBXShellScriptBuildPhase;
			buildActionMask = 2147483647;
			files = (
			);
			inputPaths = (
				"${PODS_PODFILE_DIR_PATH}/Podfile.lock",
				"${PODS_ROOT}/Manifest.lock",
			);
			name = "[CP] Check Pods Manifest.lock";
			outputPaths = (
				"$(DERIVED_FILE_DIR)/Pods-coderroom-checkManifestLockResult.txt",
			);
			runOnlyForDeploymentPostprocessing = 0;
			shellPath = /bin/sh;
			shellScript = "diff \"${PODS_PODFILE_DIR_PATH}/Podfile.lock\" \"${PODS_ROOT}/Manifest.lock\" > /dev/null\nif [ $? != 0 ] ; then\n    # print error to STDERR\n    echo \"error: The sandbox is not in sync with the Podfile.lock. Run 'pod install' or update your CocoaPods installation.\" >&2\n    exit 1\nfi\n# This output is used by Xcode 'outputs' to avoid re-running this script phase.\necho \"SUCCESS\" > \"${SCRIPT_OUTPUT_FILE_0}\"\n";
			showEnvVarsInLog = 0;
		};
		75D72177B37CAC5D045C2AB1 /* [CP] Embed Pods Frameworks */ = {
			isa = PBXShellScriptBuildPhase;
			buildActionMask = 2147483647;
			files = (
			);
			inputPaths = (
				"${SRCROOT}/Pods/Target Support Files/Pods-coderroom/Pods-coderroom-frameworks.sh",
				"${BUILT_PRODUCTS_DIR}/GTMSessionFetcher/GTMSessionFetcher.framework",
				"${BUILT_PRODUCTS_DIR}/GoogleToolboxForMac/GoogleToolboxForMac.framework",
				"${BUILT_PRODUCTS_DIR}/leveldb-library/leveldb.framework",
				"${BUILT_PRODUCTS_DIR}/nanopb/nanopb.framework",
			);
			name = "[CP] Embed Pods Frameworks";
			outputPaths = (
				"${TARGET_BUILD_DIR}/${FRAMEWORKS_FOLDER_PATH}/GTMSessionFetcher.framework",
				"${TARGET_BUILD_DIR}/${FRAMEWORKS_FOLDER_PATH}/GoogleToolboxForMac.framework",
				"${TARGET_BUILD_DIR}/${FRAMEWORKS_FOLDER_PATH}/leveldb.framework",
				"${TARGET_BUILD_DIR}/${FRAMEWORKS_FOLDER_PATH}/nanopb.framework",
			);
			runOnlyForDeploymentPostprocessing = 0;
			shellPath = /bin/sh;
			shellScript = "\"${SRCROOT}/Pods/Target Support Files/Pods-coderroom/Pods-coderroom-frameworks.sh\"\n";
			showEnvVarsInLog = 0;
		};
		DCD004AE32463B2BA059CF43 /* [CP] Copy Pods Resources */ = {
			isa = PBXShellScriptBuildPhase;
			buildActionMask = 2147483647;
			files = (
			);
			inputPaths = (
			);
			name = "[CP] Copy Pods Resources";
			outputPaths = (
			);
			runOnlyForDeploymentPostprocessing = 0;
			shellPath = /bin/sh;
			shellScript = "\"${SRCROOT}/Pods/Target Support Files/Pods-coderroom/Pods-coderroom-resources.sh\"\n";
			showEnvVarsInLog = 0;
		};
/* End PBXShellScriptBuildPhase section */

/* Begin PBXSourcesBuildPhase section */
		3EF1BD321FE0C71400946C34 /* Sources */ = {
			isa = PBXSourcesBuildPhase;
			buildActionMask = 2147483647;
			files = (
				3EF1BD651FE89EAD00946C34 /* UIViewExt.swift in Sources */,
				3EF1BD671FE8A93C00946C34 /* FeedCell.swift in Sources */,
				3EF1BD611FE4B59C00946C34 /* MeVC.swift in Sources */,
				3EF1BD571FE3545800946C34 /* AuthVC.swift in Sources */,
				3EF1BD3E1FE0C71400946C34 /* GroupsVC.swift in Sources */,
				3EF1BD591FE3549300946C34 /* LoginVC.swift in Sources */,
				3EF1BD5F1FE364F500946C34 /* AuthService.swift in Sources */,
				3EF1BD3A1FE0C71400946C34 /* AppDelegate.swift in Sources */,
				3E3DC7D01FEDFC1900E2A199 /* CreateGroupVC.swift in Sources */,
				3EF1BD5D1FE361B200946C34 /* ShadowVIew.swift in Sources */,
				3EF1BD631FE6A32600946C34 /* CreatePostVC.swift in Sources */,
				3EF1BD3C1FE0C71400946C34 /* FeedVC.swift in Sources */,
				3EF1BD5B1FE3550700946C34 /* InsetTextField.swift in Sources */,
				3EF1BD551FE212B300946C34 /* DataService.swift in Sources */,
				3EF1BD691FE8AC7900946C34 /* Message.swift in Sources */,
			);
			runOnlyForDeploymentPostprocessing = 0;
		};
/* End PBXSourcesBuildPhase section */

/* Begin PBXVariantGroup section */
		3EF1BD3F1FE0C71400946C34 /* Main.storyboard */ = {
			isa = PBXVariantGroup;
			children = (
				3EF1BD401FE0C71400946C34 /* Base */,
			);
			name = Main.storyboard;
			sourceTree = "<group>";
		};
		3EF1BD441FE0C71400946C34 /* LaunchScreen.storyboard */ = {
			isa = PBXVariantGroup;
			children = (
				3EF1BD451FE0C71400946C34 /* Base */,
			);
			name = LaunchScreen.storyboard;
			sourceTree = "<group>";
		};
/* End PBXVariantGroup section */

/* Begin XCBuildConfiguration section */
		3EF1BD481FE0C71400946C34 /* Debug */ = {
			isa = XCBuildConfiguration;
			buildSettings = {
				ALWAYS_SEARCH_USER_PATHS = NO;
				CLANG_ANALYZER_NONNULL = YES;
				CLANG_ANALYZER_NUMBER_OBJECT_CONVERSION = YES_AGGRESSIVE;
				CLANG_CXX_LANGUAGE_STANDARD = "gnu++14";
				CLANG_CXX_LIBRARY = "libc++";
				CLANG_ENABLE_MODULES = YES;
				CLANG_ENABLE_OBJC_ARC = YES;
				CLANG_WARN_BLOCK_CAPTURE_AUTORELEASING = YES;
				CLANG_WARN_BOOL_CONVERSION = YES;
				CLANG_WARN_COMMA = YES;
				CLANG_WARN_CONSTANT_CONVERSION = YES;
				CLANG_WARN_DIRECT_OBJC_ISA_USAGE = YES_ERROR;
				CLANG_WARN_DOCUMENTATION_COMMENTS = YES;
				CLANG_WARN_EMPTY_BODY = YES;
				CLANG_WARN_ENUM_CONVERSION = YES;
				CLANG_WARN_INFINITE_RECURSION = YES;
				CLANG_WARN_INT_CONVERSION = YES;
				CLANG_WARN_NON_LITERAL_NULL_CONVERSION = YES;
				CLANG_WARN_OBJC_LITERAL_CONVERSION = YES;
				CLANG_WARN_OBJC_ROOT_CLASS = YES_ERROR;
				CLANG_WARN_RANGE_LOOP_ANALYSIS = YES;
				CLANG_WARN_STRICT_PROTOTYPES = YES;
				CLANG_WARN_SUSPICIOUS_MOVE = YES;
				CLANG_WARN_UNGUARDED_AVAILABILITY = YES_AGGRESSIVE;
				CLANG_WARN_UNREACHABLE_CODE = YES;
				CLANG_WARN__DUPLICATE_METHOD_MATCH = YES;
				CODE_SIGN_IDENTITY = "iPhone Developer";
				COPY_PHASE_STRIP = NO;
				DEBUG_INFORMATION_FORMAT = dwarf;
				ENABLE_STRICT_OBJC_MSGSEND = YES;
				ENABLE_TESTABILITY = YES;
				GCC_C_LANGUAGE_STANDARD = gnu11;
				GCC_DYNAMIC_NO_PIC = NO;
				GCC_NO_COMMON_BLOCKS = YES;
				GCC_OPTIMIZATION_LEVEL = 0;
				GCC_PREPROCESSOR_DEFINITIONS = (
					"DEBUG=1",
					"$(inherited)",
				);
				GCC_WARN_64_TO_32_BIT_CONVERSION = YES;
				GCC_WARN_ABOUT_RETURN_TYPE = YES_ERROR;
				GCC_WARN_UNDECLARED_SELECTOR = YES;
				GCC_WARN_UNINITIALIZED_AUTOS = YES_AGGRESSIVE;
				GCC_WARN_UNUSED_FUNCTION = YES;
				GCC_WARN_UNUSED_VARIABLE = YES;
				IPHONEOS_DEPLOYMENT_TARGET = 11.2;
				MTL_ENABLE_DEBUG_INFO = YES;
				ONLY_ACTIVE_ARCH = YES;
				SDKROOT = iphoneos;
				SWIFT_ACTIVE_COMPILATION_CONDITIONS = DEBUG;
				SWIFT_OPTIMIZATION_LEVEL = "-Onone";
			};
			name = Debug;
		};
		3EF1BD491FE0C71400946C34 /* Release */ = {
			isa = XCBuildConfiguration;
			buildSettings = {
				ALWAYS_SEARCH_USER_PATHS = NO;
				CLANG_ANALYZER_NONNULL = YES;
				CLANG_ANALYZER_NUMBER_OBJECT_CONVERSION = YES_AGGRESSIVE;
				CLANG_CXX_LANGUAGE_STANDARD = "gnu++14";
				CLANG_CXX_LIBRARY = "libc++";
				CLANG_ENABLE_MODULES = YES;
				CLANG_ENABLE_OBJC_ARC = YES;
				CLANG_WARN_BLOCK_CAPTURE_AUTORELEASING = YES;
				CLANG_WARN_BOOL_CONVERSION = YES;
				CLANG_WARN_COMMA = YES;
				CLANG_WARN_CONSTANT_CONVERSION = YES;
				CLANG_WARN_DIRECT_OBJC_ISA_USAGE = YES_ERROR;
				CLANG_WARN_DOCUMENTATION_COMMENTS = YES;
				CLANG_WARN_EMPTY_BODY = YES;
				CLANG_WARN_ENUM_CONVERSION = YES;
				CLANG_WARN_INFINITE_RECURSION = YES;
				CLANG_WARN_INT_CONVERSION = YES;
				CLANG_WARN_NON_LITERAL_NULL_CONVERSION = YES;
				CLANG_WARN_OBJC_LITERAL_CONVERSION = YES;
				CLANG_WARN_OBJC_ROOT_CLASS = YES_ERROR;
				CLANG_WARN_RANGE_LOOP_ANALYSIS = YES;
				CLANG_WARN_STRICT_PROTOTYPES = YES;
				CLANG_WARN_SUSPICIOUS_MOVE = YES;
				CLANG_WARN_UNGUARDED_AVAILABILITY = YES_AGGRESSIVE;
				CLANG_WARN_UNREACHABLE_CODE = YES;
				CLANG_WARN__DUPLICATE_METHOD_MATCH = YES;
				CODE_SIGN_IDENTITY = "iPhone Developer";
				COPY_PHASE_STRIP = NO;
				DEBUG_INFORMATION_FORMAT = "dwarf-with-dsym";
				ENABLE_NS_ASSERTIONS = NO;
				ENABLE_STRICT_OBJC_MSGSEND = YES;
				GCC_C_LANGUAGE_STANDARD = gnu11;
				GCC_NO_COMMON_BLOCKS = YES;
				GCC_WARN_64_TO_32_BIT_CONVERSION = YES;
				GCC_WARN_ABOUT_RETURN_TYPE = YES_ERROR;
				GCC_WARN_UNDECLARED_SELECTOR = YES;
				GCC_WARN_UNINITIALIZED_AUTOS = YES_AGGRESSIVE;
				GCC_WARN_UNUSED_FUNCTION = YES;
				GCC_WARN_UNUSED_VARIABLE = YES;
				IPHONEOS_DEPLOYMENT_TARGET = 11.2;
				MTL_ENABLE_DEBUG_INFO = NO;
				SDKROOT = iphoneos;
				SWIFT_OPTIMIZATION_LEVEL = "-Owholemodule";
				VALIDATE_PRODUCT = YES;
			};
			name = Release;
		};
		3EF1BD4B1FE0C71400946C34 /* Debug */ = {
			isa = XCBuildConfiguration;
			baseConfigurationReference = 2B18A0E8A40092FC58852DF3 /* Pods-coderroom.debug.xcconfig */;
			buildSettings = {
				ASSETCATALOG_COMPILER_APPICON_NAME = AppIcon;
				CODE_SIGN_STYLE = Automatic;
				INFOPLIST_FILE = coderroom/Info.plist;
				LD_RUNPATH_SEARCH_PATHS = "$(inherited) @executable_path/Frameworks";
				PRODUCT_BUNDLE_IDENTIFIER = com.adolforeyes.coderroom;
				PRODUCT_NAME = "$(TARGET_NAME)";
				SWIFT_VERSION = 4.0;
				TARGETED_DEVICE_FAMILY = "1,2";
			};
			name = Debug;
		};
		3EF1BD4C1FE0C71400946C34 /* Release */ = {
			isa = XCBuildConfiguration;
			baseConfigurationReference = FEC7DCE15A2939B9A5928932 /* Pods-coderroom.release.xcconfig */;
			buildSettings = {
				ASSETCATALOG_COMPILER_APPICON_NAME = AppIcon;
				CODE_SIGN_STYLE = Automatic;
				INFOPLIST_FILE = coderroom/Info.plist;
				LD_RUNPATH_SEARCH_PATHS = "$(inherited) @executable_path/Frameworks";
				PRODUCT_BUNDLE_IDENTIFIER = com.adolforeyes.coderroom;
				PRODUCT_NAME = "$(TARGET_NAME)";
				SWIFT_VERSION = 4.0;
				TARGETED_DEVICE_FAMILY = "1,2";
			};
			name = Release;
		};
/* End XCBuildConfiguration section */

/* Begin XCConfigurationList section */
		3EF1BD311FE0C71300946C34 /* Build configuration list for PBXProject "coderroom" */ = {
			isa = XCConfigurationList;
			buildConfigurations = (
				3EF1BD481FE0C71400946C34 /* Debug */,
				3EF1BD491FE0C71400946C34 /* Release */,
			);
			defaultConfigurationIsVisible = 0;
			defaultConfigurationName = Release;
		};
		3EF1BD4A1FE0C71400946C34 /* Build configuration list for PBXNativeTarget "coderroom" */ = {
			isa = XCConfigurationList;
			buildConfigurations = (
				3EF1BD4B1FE0C71400946C34 /* Debug */,
				3EF1BD4C1FE0C71400946C34 /* Release */,
			);
			defaultConfigurationIsVisible = 0;
			defaultConfigurationName = Release;
		};
/* End XCConfigurationList section */
	};
	rootObject = 3EF1BD2E1FE0C71300946C34 /* Project object */;
}
